PODS:
  - AlfrescoCore (0.1.2)
  - AppAuth (1.4.0):
    - AppAuth/Core (= 1.4.0)
    - AppAuth/ExternalUserAgent (= 1.4.0)
  - AppAuth/Core (1.4.0)
  - AppAuth/ExternalUserAgent (1.4.0)
  - SwiftLint (0.41.0)

DEPENDENCIES:
  - AlfrescoCore
  - AppAuth
  - SwiftLint

SPEC REPOS:
  trunk:
    - AlfrescoCore
    - AppAuth
    - SwiftLint

SPEC CHECKSUMS:
  AlfrescoCore: 5b9b48fa22dddeae139877c33baa22b9fa894e69
  AppAuth: 31bcec809a638d7bd2f86ea8a52bd45f6e81e7c7
  SwiftLint: c585ebd615d9520d7fbdbe151f527977b0534f1e

PODFILE CHECKSUM: d26708ee0447b3b523a0511b623ddb2c32980399

COCOAPODS: 1.14.3
