PODS:
  - AlfrescoCore (0.2.0)
  - AppAuth (1.2.0):
    - AppAuth/Core (= 1.2.0)
    - AppAuth/ExternalUserAgent (= 1.2.0)
  - AppAuth/Core (1.2.0)
  - AppAuth/ExternalUserAgent (1.2.0)

DEPENDENCIES:
  - AlfrescoCore (~> 0.1)
  - AppAuth

SPEC REPOS:
  https://github.com/Alfresco/alfresco-private-podspecs-ios-sdk:
    - AlfrescoCore
  https://github.com/CocoaPods/Specs.git:
    - AppAuth

SPEC CHECKSUMS:
  AlfrescoCore: ab6c6563687127d693230c85ae11f06f02991733
  AppAuth: bce82c76043657c99d91e7882e8a9e1a93650cd4

PODFILE CHECKSUM: ee8029c35ac981562be8cb81d91ea5a79299318f

COCOAPODS: 1.8.4
