PODS:
  - AlfrescoCore (0.2.4)
  - AppAuth (1.3.0):
    - AppAuth/Core (= 1.3.0)
    - AppAuth/ExternalUserAgent (= 1.3.0)
  - AppAuth/Core (1.3.0)
  - AppAuth/ExternalUserAgent (1.3.0)

DEPENDENCIES:
  - AlfrescoCore (~> 0.1)
  - AppAuth

SPEC REPOS:
  https://github.com/Alfresco/alfresco-private-podspecs-ios-sdk:
    - AlfrescoCore
  https://github.com/CocoaPods/Specs.git:
    - AppAuth

SPEC CHECKSUMS:
  AlfrescoCore: d0ceba616f182ed19f77d85ea324c6292fb0fc5d
  AppAuth: 73574f3013a1e65b9601a3ddc8b3158cce68c09d

PODFILE CHECKSUM: ee8029c35ac981562be8cb81d91ea5a79299318f

COCOAPODS: 1.8.4
