PODS:
  - Alamofire (4.9.1)
  - AlfrescoAuth (0.1.2):
    - AlfrescoCore
    - AppAuth
  - AlfrescoContent (0.2.23):
    - Alamofire (~> 4.9.0)
  - AlfrescoCore (0.1.2)
  - AppAuth (1.5.0):
    - AppAuth/Core (= 1.5.0)
    - AppAuth/ExternalUserAgent (= 1.5.0)
  - AppAuth/Core (1.5.0)
  - AppAuth/ExternalUserAgent (1.5.0):
    - AppAuth/Core
  - JWTDecode (3.0.0)

DEPENDENCIES:
  - AlfrescoAuth
  - AlfrescoContent
  - JWTDecode

SPEC REPOS:
  trunk:
    - Alamofire
    - AlfrescoAuth
    - AlfrescoContent
    - AlfrescoCore
    - AppAuth
    - JWTDecode

SPEC CHECKSUMS:
  Alamofire: 85e8a02c69d6020a0d734f6054870d7ecb75cf18
  AlfrescoAuth: 65ff558e5d65f82762dfdf54257a57ba413816e3
  AlfrescoContent: bda4330b7c57caddb454de2b60557d592fb08a5c
  AlfrescoCore: 5b9b48fa22dddeae139877c33baa22b9fa894e69
  AppAuth: 80317d99ac7ff2801a2f18ff86b48cd315ed465d
  JWTDecode: 82480a7173f8a811954e7e14a2b59f688ca4222a

PODFILE CHECKSUM: 021f549e283873068fe7cd806096271f7cc45c53

COCOAPODS: 1.11.3
