PODS:
  - Alamofire (4.9.1)
  - AlfrescoAuth (0.1.2):
    - AlfrescoCore
    - AppAuth
  - AlfrescoContent (0.2.57):
    - Alamofire (~> 4.9.0)
    - TrustKit
  - AlfrescoCore (0.1.2)
  - AppAuth (1.6.2):
    - AppAuth/Core (= 1.6.2)
    - AppAuth/ExternalUserAgent (= 1.6.2)
  - AppAuth/Core (1.6.2)
  - AppAuth/ExternalUserAgent (1.6.2):
    - AppAuth/Core
  - JWTDecode (3.0.1)
  - TrustKit (3.0.3)

DEPENDENCIES:
  - AlfrescoAuth
  - AlfrescoContent
  - JWTDecode

SPEC REPOS:
  trunk:
    - Alamofire
    - AlfrescoAuth
    - AlfrescoContent
    - AlfrescoCore
    - AppAuth
    - JWTDecode
    - TrustKit

SPEC CHECKSUMS:
  Alamofire: 85e8a02c69d6020a0d734f6054870d7ecb75cf18
  AlfrescoAuth: 65ff558e5d65f82762dfdf54257a57ba413816e3
  AlfrescoContent: 2d4646ff2a3d2d0fc3d40b15613e95d74f6b60cb
  AlfrescoCore: 5b9b48fa22dddeae139877c33baa22b9fa894e69
  AppAuth: 3bb1d1cd9340bd09f5ed189fb00b1cc28e1e8570
  JWTDecode: 2eed97c2fa46ccaf3049a787004eedf0be474a87
  TrustKit: 7858ea59d0e226b1457b2e9cc8b95d77ab21d471

PODFILE CHECKSUM: 78be59add275dea374c604c60f230dae281f4a2a

COCOAPODS: 1.14.3
