// !$*UTF8*$!
{
	archiveVersion = 1;
	classes = {
	};
	objectVersion = 50;
	objects = {

/* Begin PBXAggregateTarget section */
		B948BA00233A5F5E00018F54 /* Package iOS */ = {
			isa = PBXAggregateTarget;
			buildConfigurationList = B948BA03233A5F5E00018F54 /* Build configuration list for PBXAggregateTarget "Package iOS" */;
			buildPhases = (
				B948BA04233A5F7300018F54 /* Generate Universal Library */,
			);
			dependencies = (
			);
			name = "Package iOS";
			productName = "Package iOS";
		};
/* End PBXAggregateTarget section */

/* Begin PBXBuildFile section */
		2B7D2D4023141C3C004930BF /* Dictionary+Helpers.swift in Sources */ = {isa = PBXBuildFile; fileRef = 2B7D2D3F23141C3C004930BF /* Dictionary+Helpers.swift */; };
		2B7D2D4223141CA5004930BF /* CharacterSet+Helpers.swift in Sources */ = {isa = PBXBuildFile; fileRef = 2B7D2D4123141CA5004930BF /* CharacterSet+Helpers.swift */; };
		2B7D2D442314211C004930BF /* AlfrescoCore.swift in Sources */ = {isa = PBXBuildFile; fileRef = 2B7D2D432314211C004930BF /* AlfrescoCore.swift */; };
		2B7D2D4A231557A0004930BF /* TestData.swift in Sources */ = {isa = PBXBuildFile; fileRef = 2B7D2D49231557A0004930BF /* TestData.swift */; };
		2B7D2D4C2315582E004930BF /* NetworkRequestBuilderTests.swift in Sources */ = {isa = PBXBuildFile; fileRef = 2B7D2D4B2315582E004930BF /* NetworkRequestBuilderTests.swift */; };
		2BAFC1B1230D99C3000CB1A9 /* AlfrescoCore.framework in Frameworks */ = {isa = PBXBuildFile; fileRef = 2BAFC1A7230D99C2000CB1A9 /* AlfrescoCore.framework */; };
		2BAFC1B6230D99C3000CB1A9 /* AlfrescoCoreTests.swift in Sources */ = {isa = PBXBuildFile; fileRef = 2BAFC1B5230D99C3000CB1A9 /* AlfrescoCoreTests.swift */; };
		2BAFC1B8230D99C3000CB1A9 /* AlfrescoCore.h in Headers */ = {isa = PBXBuildFile; fileRef = 2BAFC1AA230D99C2000CB1A9 /* AlfrescoCore.h */; settings = {ATTRIBUTES = (Public, ); }; };
		B98B23202355AFC3002EF9EC /* APIErrorTests.swift in Sources */ = {isa = PBXBuildFile; fileRef = B98B231F2355AFC3002EF9EC /* APIErrorTests.swift */; };
		B98B23222355BEE0002EF9EC /* APIErrorMockedObjects.swift in Sources */ = {isa = PBXBuildFile; fileRef = B98B23212355BEE0002EF9EC /* APIErrorMockedObjects.swift */; };
		B9FDA34D2350B39900329E35 /* MockedObjects.swift in Sources */ = {isa = PBXBuildFile; fileRef = B9FDA34C2350B39900329E35 /* MockedObjects.swift */; };
		B9FDA3502350B8A500329E35 /* Bundle+Helpers.swift in Sources */ = {isa = PBXBuildFile; fileRef = B9FDA34E2350B7E100329E35 /* Bundle+Helpers.swift */; };
		B9FDA3522350BC4400329E35 /* APIClientTests.swift in Sources */ = {isa = PBXBuildFile; fileRef = B9FDA3512350BC4400329E35 /* APIClientTests.swift */; };
		E31311F7231FD93B00D6829E /* Data+Helpers.swift in Sources */ = {isa = PBXBuildFile; fileRef = E31311F6231FD93B00D6829E /* Data+Helpers.swift */; };
		E37CFB7E233119A100C14FB2 /* APIError.swift in Sources */ = {isa = PBXBuildFile; fileRef = E37CFB7D233119A100C14FB2 /* APIError.swift */; };
		E3C38EEF2327B0D1007FCF8B /* APIClient.swift in Sources */ = {isa = PBXBuildFile; fileRef = E3C38EEE2327B0D1007FCF8B /* APIClient.swift */; };
		E3C38EF12327B139007FCF8B /* APIRequest.swift in Sources */ = {isa = PBXBuildFile; fileRef = E3C38EF02327B139007FCF8B /* APIRequest.swift */; };
		E3C38EF32327B226007FCF8B /* APIResponse.swift in Sources */ = {isa = PBXBuildFile; fileRef = E3C38EF22327B226007FCF8B /* APIResponse.swift */; };
/* End PBXBuildFile section */

/* Begin PBXContainerItemProxy section */
		2BAFC1B2230D99C3000CB1A9 /* PBXContainerItemProxy */ = {
			isa = PBXContainerItemProxy;
			containerPortal = 2BAFC19E230D99C2000CB1A9 /* Project object */;
			proxyType = 1;
			remoteGlobalIDString = 2BAFC1A6230D99C2000CB1A9;
			remoteInfo = AlfrescoCore;
		};
/* End PBXContainerItemProxy section */

/* Begin PBXFileReference section */
		2B7D2D3F23141C3C004930BF /* Dictionary+Helpers.swift */ = {isa = PBXFileReference; lastKnownFileType = sourcecode.swift; path = "Dictionary+Helpers.swift"; sourceTree = "<group>"; };
		2B7D2D4123141CA5004930BF /* CharacterSet+Helpers.swift */ = {isa = PBXFileReference; lastKnownFileType = sourcecode.swift; path = "CharacterSet+Helpers.swift"; sourceTree = "<group>"; };
		2B7D2D432314211C004930BF /* AlfrescoCore.swift */ = {isa = PBXFileReference; lastKnownFileType = sourcecode.swift; path = AlfrescoCore.swift; sourceTree = "<group>"; };
		2B7D2D482315575F004930BF /* AlfrescoCore.xctestplan */ = {isa = PBXFileReference; lastKnownFileType = text; path = AlfrescoCore.xctestplan; sourceTree = "<group>"; };
		2B7D2D49231557A0004930BF /* TestData.swift */ = {isa = PBXFileReference; lastKnownFileType = sourcecode.swift; path = TestData.swift; sourceTree = "<group>"; };
		2B7D2D4B2315582E004930BF /* NetworkRequestBuilderTests.swift */ = {isa = PBXFileReference; lastKnownFileType = sourcecode.swift; path = NetworkRequestBuilderTests.swift; sourceTree = "<group>"; };
		2BAFC1A7230D99C2000CB1A9 /* AlfrescoCore.framework */ = {isa = PBXFileReference; explicitFileType = wrapper.framework; includeInIndex = 0; path = AlfrescoCore.framework; sourceTree = BUILT_PRODUCTS_DIR; };
		2BAFC1AA230D99C2000CB1A9 /* AlfrescoCore.h */ = {isa = PBXFileReference; lastKnownFileType = sourcecode.c.h; path = AlfrescoCore.h; sourceTree = "<group>"; };
		2BAFC1AB230D99C3000CB1A9 /* Info.plist */ = {isa = PBXFileReference; lastKnownFileType = text.plist.xml; path = Info.plist; sourceTree = "<group>"; };
		2BAFC1B0230D99C3000CB1A9 /* AlfrescoCoreTests.xctest */ = {isa = PBXFileReference; explicitFileType = wrapper.cfbundle; includeInIndex = 0; path = AlfrescoCoreTests.xctest; sourceTree = BUILT_PRODUCTS_DIR; };
		2BAFC1B5230D99C3000CB1A9 /* AlfrescoCoreTests.swift */ = {isa = PBXFileReference; lastKnownFileType = sourcecode.swift; path = AlfrescoCoreTests.swift; sourceTree = "<group>"; };
		2BAFC1B7230D99C3000CB1A9 /* Info.plist */ = {isa = PBXFileReference; lastKnownFileType = text.plist.xml; path = Info.plist; sourceTree = "<group>"; };
		B98B231F2355AFC3002EF9EC /* APIErrorTests.swift */ = {isa = PBXFileReference; lastKnownFileType = sourcecode.swift; path = APIErrorTests.swift; sourceTree = "<group>"; };
		B98B23212355BEE0002EF9EC /* APIErrorMockedObjects.swift */ = {isa = PBXFileReference; lastKnownFileType = sourcecode.swift; path = APIErrorMockedObjects.swift; sourceTree = "<group>"; };
		B9FDA34C2350B39900329E35 /* MockedObjects.swift */ = {isa = PBXFileReference; lastKnownFileType = sourcecode.swift; path = MockedObjects.swift; sourceTree = "<group>"; };
		B9FDA34E2350B7E100329E35 /* Bundle+Helpers.swift */ = {isa = PBXFileReference; lastKnownFileType = sourcecode.swift; path = "Bundle+Helpers.swift"; sourceTree = "<group>"; };
		B9FDA3512350BC4400329E35 /* APIClientTests.swift */ = {isa = PBXFileReference; lastKnownFileType = sourcecode.swift; path = APIClientTests.swift; sourceTree = "<group>"; };
		E31311F6231FD93B00D6829E /* Data+Helpers.swift */ = {isa = PBXFileReference; lastKnownFileType = sourcecode.swift; path = "Data+Helpers.swift"; sourceTree = "<group>"; };
		E37CFB7D233119A100C14FB2 /* APIError.swift */ = {isa = PBXFileReference; lastKnownFileType = sourcecode.swift; path = APIError.swift; sourceTree = "<group>"; };
		E3C38EEE2327B0D1007FCF8B /* APIClient.swift */ = {isa = PBXFileReference; lastKnownFileType = sourcecode.swift; path = APIClient.swift; sourceTree = "<group>"; };
		E3C38EF02327B139007FCF8B /* APIRequest.swift */ = {isa = PBXFileReference; lastKnownFileType = sourcecode.swift; path = APIRequest.swift; sourceTree = "<group>"; };
		E3C38EF22327B226007FCF8B /* APIResponse.swift */ = {isa = PBXFileReference; lastKnownFileType = sourcecode.swift; path = APIResponse.swift; sourceTree = "<group>"; };
/* End PBXFileReference section */

/* Begin PBXFrameworksBuildPhase section */
		2BAFC1A4230D99C2000CB1A9 /* Frameworks */ = {
			isa = PBXFrameworksBuildPhase;
			buildActionMask = 2147483647;
			files = (
			);
			runOnlyForDeploymentPostprocessing = 0;
		};
		2BAFC1AD230D99C3000CB1A9 /* Frameworks */ = {
			isa = PBXFrameworksBuildPhase;
			buildActionMask = 2147483647;
			files = (
				2BAFC1B1230D99C3000CB1A9 /* AlfrescoCore.framework in Frameworks */,
			);
			runOnlyForDeploymentPostprocessing = 0;
		};
/* End PBXFrameworksBuildPhase section */

/* Begin PBXGroup section */
		2B7D2D4523155464004930BF /* Extensions */ = {
			isa = PBXGroup;
			children = (
				2B7D2D3F23141C3C004930BF /* Dictionary+Helpers.swift */,
				2B7D2D4123141CA5004930BF /* CharacterSet+Helpers.swift */,
				E31311F6231FD93B00D6829E /* Data+Helpers.swift */,
				B9FDA34E2350B7E100329E35 /* Bundle+Helpers.swift */,
			);
			path = Extensions;
			sourceTree = "<group>";
		};
		2B7D2D4623155477004930BF /* Network */ = {
			isa = PBXGroup;
			children = (
				E3C38EEE2327B0D1007FCF8B /* APIClient.swift */,
				E3C38EF02327B139007FCF8B /* APIRequest.swift */,
				E3C38EF22327B226007FCF8B /* APIResponse.swift */,
				E37CFB7D233119A100C14FB2 /* APIError.swift */,
			);
			path = Network;
			sourceTree = "<group>";
		};
		2B7D2D472315548B004930BF /* Supporting files */ = {
			isa = PBXGroup;
			children = (
				2BAFC1AA230D99C2000CB1A9 /* AlfrescoCore.h */,
				2BAFC1AB230D99C3000CB1A9 /* Info.plist */,
			);
			path = "Supporting files";
			sourceTree = "<group>";
		};
		2BAFC19D230D99C2000CB1A9 = {
			isa = PBXGroup;
			children = (
				2BAFC1A9230D99C2000CB1A9 /* Sources */,
				2BAFC1B4230D99C3000CB1A9 /* AlfrescoCoreTests */,
				2BAFC1A8230D99C2000CB1A9 /* Products */,
			);
			sourceTree = "<group>";
		};
		2BAFC1A8230D99C2000CB1A9 /* Products */ = {
			isa = PBXGroup;
			children = (
				2BAFC1A7230D99C2000CB1A9 /* AlfrescoCore.framework */,
				2BAFC1B0230D99C3000CB1A9 /* AlfrescoCoreTests.xctest */,
			);
			name = Products;
			sourceTree = "<group>";
		};
		2BAFC1A9230D99C2000CB1A9 /* Sources */ = {
			isa = PBXGroup;
			children = (
				2B7D2D432314211C004930BF /* AlfrescoCore.swift */,
				2B7D2D4523155464004930BF /* Extensions */,
				2B7D2D4623155477004930BF /* Network */,
				2B7D2D472315548B004930BF /* Supporting files */,
			);
			path = Sources;
			sourceTree = "<group>";
		};
		2BAFC1B4230D99C3000CB1A9 /* AlfrescoCoreTests */ = {
			isa = PBXGroup;
			children = (
				2BAFC1B7230D99C3000CB1A9 /* Info.plist */,
				2B7D2D49231557A0004930BF /* TestData.swift */,
				B9FDA34C2350B39900329E35 /* MockedObjects.swift */,
				2B7D2D482315575F004930BF /* AlfrescoCore.xctestplan */,
				2BAFC1B5230D99C3000CB1A9 /* AlfrescoCoreTests.swift */,
				2B7D2D4B2315582E004930BF /* NetworkRequestBuilderTests.swift */,
				B9FDA3512350BC4400329E35 /* APIClientTests.swift */,
				B98B23212355BEE0002EF9EC /* APIErrorMockedObjects.swift */,
				B98B231F2355AFC3002EF9EC /* APIErrorTests.swift */,
			);
			path = AlfrescoCoreTests;
			sourceTree = "<group>";
		};
/* End PBXGroup section */

/* Begin PBXHeadersBuildPhase section */
		2BAFC1A2230D99C2000CB1A9 /* Headers */ = {
			isa = PBXHeadersBuildPhase;
			buildActionMask = 2147483647;
			files = (
				2BAFC1B8230D99C3000CB1A9 /* AlfrescoCore.h in Headers */,
			);
			runOnlyForDeploymentPostprocessing = 0;
		};
/* End PBXHeadersBuildPhase section */

/* Begin PBXNativeTarget section */
		2BAFC1A6230D99C2000CB1A9 /* AlfrescoCore */ = {
			isa = PBXNativeTarget;
			buildConfigurationList = 2BAFC1BB230D99C3000CB1A9 /* Build configuration list for PBXNativeTarget "AlfrescoCore" */;
			buildPhases = (
				2BAFC1A2230D99C2000CB1A9 /* Headers */,
				2BAFC1A3230D99C2000CB1A9 /* Sources */,
				2BAFC1A4230D99C2000CB1A9 /* Frameworks */,
				2BAFC1A5230D99C2000CB1A9 /* Resources */,
			);
			buildRules = (
			);
			dependencies = (
			);
			name = AlfrescoCore;
			productName = AlfrescoCore;
			productReference = 2BAFC1A7230D99C2000CB1A9 /* AlfrescoCore.framework */;
			productType = "com.apple.product-type.framework";
		};
		2BAFC1AF230D99C3000CB1A9 /* AlfrescoCoreTests */ = {
			isa = PBXNativeTarget;
			buildConfigurationList = 2BAFC1BE230D99C3000CB1A9 /* Build configuration list for PBXNativeTarget "AlfrescoCoreTests" */;
			buildPhases = (
				2BAFC1AC230D99C3000CB1A9 /* Sources */,
				2BAFC1AD230D99C3000CB1A9 /* Frameworks */,
				2BAFC1AE230D99C3000CB1A9 /* Resources */,
			);
			buildRules = (
			);
			dependencies = (
				2BAFC1B3230D99C3000CB1A9 /* PBXTargetDependency */,
			);
			name = AlfrescoCoreTests;
			productName = AlfrescoCoreTests;
			productReference = 2BAFC1B0230D99C3000CB1A9 /* AlfrescoCoreTests.xctest */;
			productType = "com.apple.product-type.bundle.unit-test";
		};
/* End PBXNativeTarget section */

/* Begin PBXProject section */
		2BAFC19E230D99C2000CB1A9 /* Project object */ = {
			isa = PBXProject;
			attributes = {
				LastSwiftUpdateCheck = 1100;
				LastUpgradeCheck = 1100;
				ORGANIZATIONNAME = Alfresco;
				TargetAttributes = {
					2BAFC1A6230D99C2000CB1A9 = {
						CreatedOnToolsVersion = 11.0;
						LastSwiftMigration = 1100;
					};
					2BAFC1AF230D99C3000CB1A9 = {
						CreatedOnToolsVersion = 11.0;
					};
					B948BA00233A5F5E00018F54 = {
						CreatedOnToolsVersion = 11.0;
					};
				};
			};
			buildConfigurationList = 2BAFC1A1230D99C2000CB1A9 /* Build configuration list for PBXProject "AlfrescoCore" */;
			compatibilityVersion = "Xcode 9.3";
			developmentRegion = en;
			hasScannedForEncodings = 0;
			knownRegions = (
				en,
				Base,
			);
			mainGroup = 2BAFC19D230D99C2000CB1A9;
			productRefGroup = 2BAFC1A8230D99C2000CB1A9 /* Products */;
			projectDirPath = "";
			projectRoot = "";
			targets = (
				2BAFC1A6230D99C2000CB1A9 /* AlfrescoCore */,
				2BAFC1AF230D99C3000CB1A9 /* AlfrescoCoreTests */,
				B948BA00233A5F5E00018F54 /* Package iOS */,
			);
		};
/* End PBXProject section */

/* Begin PBXResourcesBuildPhase section */
		2BAFC1A5230D99C2000CB1A9 /* Resources */ = {
			isa = PBXResourcesBuildPhase;
			buildActionMask = 2147483647;
			files = (
			);
			runOnlyForDeploymentPostprocessing = 0;
		};
		2BAFC1AE230D99C3000CB1A9 /* Resources */ = {
			isa = PBXResourcesBuildPhase;
			buildActionMask = 2147483647;
			files = (
			);
			runOnlyForDeploymentPostprocessing = 0;
		};
/* End PBXResourcesBuildPhase section */

/* Begin PBXShellScriptBuildPhase section */
		B948BA04233A5F7300018F54 /* Generate Universal Library */ = {
			isa = PBXShellScriptBuildPhase;
			buildActionMask = 2147483647;
			files = (
			);
			inputFileListPaths = (
			);
			inputPaths = (
			);
			name = "Generate Universal Library";
			outputFileListPaths = (
			);
			outputPaths = (
			);
			runOnlyForDeploymentPostprocessing = 0;
			shellPath = /bin/sh;
			shellScript = "#!/bin/sh\n\n# Step 1: Define Macros\nRELEASE_TYPE=\"InternalRelease\"\n\n# Step 2: Define OS and directories\nUNIVERSAL_OUTPUTFOLDER=${BUILD_DIR}/${CONFIGURATION}-universal\nUNIVERSAL_FRAMEWORKFOLDER=${PROJECT_NAME}${RELEASE_TYPE}\nDEVICE_OS=\"iphoneos\"\nDEVICE_SIMULATOR=\"iphonesimulator\"\n\n# Step 3: Make sure the output directories exists\nmkdir -p \"${UNIVERSAL_OUTPUTFOLDER}\"\nmkdir -p \"${UNIVERSAL_FRAMEWORKFOLDER}\"\n\n# Step 4: Build Device and Simulator versions\n# See: https://developer.apple.com/legacy/library/documentation/Darwin/Reference/ManPages/man1/xcodebuild.1.html\nxcodebuild -target \"${PROJECT_NAME}\" ONLY_ACTIVE_ARCH=NO -configuration ${CONFIGURATION} -sdk ${DEVICE_OS}  BUILD_DIR=\"${BUILD_DIR}\" BUILD_ROOT=\"${BUILD_ROOT}\" clean build\nxcodebuild -target \"${PROJECT_NAME}\" VALID_ARCHS=\"x86_64 i386\" -configuration ${CONFIGURATION} -sdk ${DEVICE_SIMULATOR} ONLY_ACTIVE_ARCH=NO BUILD_DIR=\"${BUILD_DIR}\" BUILD_ROOT=\"${BUILD_ROOT}\" clean build\n\n# Step 5: Copy the framework structure (from iphoneos build) to the universal folder\ncp -R \"${BUILD_DIR}/${CONFIGURATION}-${DEVICE_OS}/${PROJECT_NAME}.framework\" \"${UNIVERSAL_OUTPUTFOLDER}/\"\n\n# Step 6: Copy Swift modules from iphonesimulator build (if it exists) to the copied framework directory\nSIMULATOR_SWIFT_MODULES_DIR=\"${BUILD_DIR}/${CONFIGURATION}-${DEVICE_SIMULATOR}/${PROJECT_NAME}.framework/Modules/${PROJECT_NAME}.swiftmodule/.\"\nif [ -d \"${SIMULATOR_SWIFT_MODULES_DIR}\" ]; then\ncp -R \"${SIMULATOR_SWIFT_MODULES_DIR}\" \"${UNIVERSAL_OUTPUTFOLDER}/${PROJECT_NAME}.framework/Modules/${PROJECT_NAME}.swiftmodule\"\nfi\n\n# Step 7: Create universal binary file using lipo and place the combined executable in the copied framework directory\nlipo -create -output \"${UNIVERSAL_OUTPUTFOLDER}/${PROJECT_NAME}.framework/${PROJECT_NAME}\" \"${BUILD_DIR}/${CONFIGURATION}-${DEVICE_SIMULATOR}/${PROJECT_NAME}.framework/${PROJECT_NAME}\" \"${BUILD_DIR}/${CONFIGURATION}-${DEVICE_OS}/${PROJECT_NAME}.framework/${PROJECT_NAME}\"\n\n# Step 8: Convenience step to copy the framework to the project's directory\ncp -R \"${UNIVERSAL_OUTPUTFOLDER}/${PROJECT_NAME}.framework\" \"${UNIVERSAL_FRAMEWORKFOLDER}/\"\n";
		};
/* End PBXShellScriptBuildPhase section */

/* Begin PBXSourcesBuildPhase section */
		2BAFC1A3230D99C2000CB1A9 /* Sources */ = {
			isa = PBXSourcesBuildPhase;
			buildActionMask = 2147483647;
			files = (
				2B7D2D4223141CA5004930BF /* CharacterSet+Helpers.swift in Sources */,
				E3C38EEF2327B0D1007FCF8B /* APIClient.swift in Sources */,
				E31311F7231FD93B00D6829E /* Data+Helpers.swift in Sources */,
				2B7D2D442314211C004930BF /* AlfrescoCore.swift in Sources */,
				E3C38EF12327B139007FCF8B /* APIRequest.swift in Sources */,
				2B7D2D4023141C3C004930BF /* Dictionary+Helpers.swift in Sources */,
				E3C38EF32327B226007FCF8B /* APIResponse.swift in Sources */,
				B9FDA3502350B8A500329E35 /* Bundle+Helpers.swift in Sources */,
				E37CFB7E233119A100C14FB2 /* APIError.swift in Sources */,
			);
			runOnlyForDeploymentPostprocessing = 0;
		};
		2BAFC1AC230D99C3000CB1A9 /* Sources */ = {
			isa = PBXSourcesBuildPhase;
			buildActionMask = 2147483647;
			files = (
				2B7D2D4C2315582E004930BF /* NetworkRequestBuilderTests.swift in Sources */,
				B98B23222355BEE0002EF9EC /* APIErrorMockedObjects.swift in Sources */,
				B98B23202355AFC3002EF9EC /* APIErrorTests.swift in Sources */,
				2BAFC1B6230D99C3000CB1A9 /* AlfrescoCoreTests.swift in Sources */,
				2B7D2D4A231557A0004930BF /* TestData.swift in Sources */,
				B9FDA3522350BC4400329E35 /* APIClientTests.swift in Sources */,
				B9FDA34D2350B39900329E35 /* MockedObjects.swift in Sources */,
			);
			runOnlyForDeploymentPostprocessing = 0;
		};
/* End PBXSourcesBuildPhase section */

/* Begin PBXTargetDependency section */
		2BAFC1B3230D99C3000CB1A9 /* PBXTargetDependency */ = {
			isa = PBXTargetDependency;
			target = 2BAFC1A6230D99C2000CB1A9 /* AlfrescoCore */;
			targetProxy = 2BAFC1B2230D99C3000CB1A9 /* PBXContainerItemProxy */;
		};
/* End PBXTargetDependency section */

/* Begin XCBuildConfiguration section */
		2BAFC1B9230D99C3000CB1A9 /* Debug */ = {
			isa = XCBuildConfiguration;
			buildSettings = {
				ALWAYS_SEARCH_USER_PATHS = NO;
				CLANG_ANALYZER_NONNULL = YES;
				CLANG_ANALYZER_NUMBER_OBJECT_CONVERSION = YES_AGGRESSIVE;
				CLANG_CXX_LANGUAGE_STANDARD = "gnu++14";
				CLANG_CXX_LIBRARY = "libc++";
				CLANG_ENABLE_MODULES = YES;
				CLANG_ENABLE_OBJC_ARC = YES;
				CLANG_ENABLE_OBJC_WEAK = YES;
				CLANG_WARN_BLOCK_CAPTURE_AUTORELEASING = YES;
				CLANG_WARN_BOOL_CONVERSION = YES;
				CLANG_WARN_COMMA = YES;
				CLANG_WARN_CONSTANT_CONVERSION = YES;
				CLANG_WARN_DEPRECATED_OBJC_IMPLEMENTATIONS = YES;
				CLANG_WARN_DIRECT_OBJC_ISA_USAGE = YES_ERROR;
				CLANG_WARN_DOCUMENTATION_COMMENTS = YES;
				CLANG_WARN_EMPTY_BODY = YES;
				CLANG_WARN_ENUM_CONVERSION = YES;
				CLANG_WARN_INFINITE_RECURSION = YES;
				CLANG_WARN_INT_CONVERSION = YES;
				CLANG_WARN_NON_LITERAL_NULL_CONVERSION = YES;
				CLANG_WARN_OBJC_IMPLICIT_RETAIN_SELF = YES;
				CLANG_WARN_OBJC_LITERAL_CONVERSION = YES;
				CLANG_WARN_OBJC_ROOT_CLASS = YES_ERROR;
				CLANG_WARN_RANGE_LOOP_ANALYSIS = YES;
				CLANG_WARN_STRICT_PROTOTYPES = YES;
				CLANG_WARN_SUSPICIOUS_MOVE = YES;
				CLANG_WARN_UNGUARDED_AVAILABILITY = YES_AGGRESSIVE;
				CLANG_WARN_UNREACHABLE_CODE = YES;
				CLANG_WARN__DUPLICATE_METHOD_MATCH = YES;
				COPY_PHASE_STRIP = NO;
				CURRENT_PROJECT_VERSION = 1;
				DEBUG_INFORMATION_FORMAT = dwarf;
				ENABLE_STRICT_OBJC_MSGSEND = YES;
				ENABLE_TESTABILITY = YES;
				GCC_C_LANGUAGE_STANDARD = gnu11;
				GCC_DYNAMIC_NO_PIC = NO;
				GCC_NO_COMMON_BLOCKS = YES;
				GCC_OPTIMIZATION_LEVEL = 0;
				GCC_PREPROCESSOR_DEFINITIONS = (
					"DEBUG=1",
					"$(inherited)",
				);
				GCC_WARN_64_TO_32_BIT_CONVERSION = YES;
				GCC_WARN_ABOUT_RETURN_TYPE = YES_ERROR;
				GCC_WARN_UNDECLARED_SELECTOR = YES;
				GCC_WARN_UNINITIALIZED_AUTOS = YES_AGGRESSIVE;
				GCC_WARN_UNUSED_FUNCTION = YES;
				GCC_WARN_UNUSED_VARIABLE = YES;
				IPHONEOS_DEPLOYMENT_TARGET = 13.0;
				MTL_ENABLE_DEBUG_INFO = INCLUDE_SOURCE;
				MTL_FAST_MATH = YES;
				ONLY_ACTIVE_ARCH = YES;
				SDKROOT = iphoneos;
				SWIFT_ACTIVE_COMPILATION_CONDITIONS = DEBUG;
				SWIFT_OPTIMIZATION_LEVEL = "-Onone";
				VERSIONING_SYSTEM = "apple-generic";
				VERSION_INFO_PREFIX = "";
			};
			name = Debug;
		};
		2BAFC1BA230D99C3000CB1A9 /* Release */ = {
			isa = XCBuildConfiguration;
			buildSettings = {
				ALWAYS_SEARCH_USER_PATHS = NO;
				CLANG_ANALYZER_NONNULL = YES;
				CLANG_ANALYZER_NUMBER_OBJECT_CONVERSION = YES_AGGRESSIVE;
				CLANG_CXX_LANGUAGE_STANDARD = "gnu++14";
				CLANG_CXX_LIBRARY = "libc++";
				CLANG_ENABLE_MODULES = YES;
				CLANG_ENABLE_OBJC_ARC = YES;
				CLANG_ENABLE_OBJC_WEAK = YES;
				CLANG_WARN_BLOCK_CAPTURE_AUTORELEASING = YES;
				CLANG_WARN_BOOL_CONVERSION = YES;
				CLANG_WARN_COMMA = YES;
				CLANG_WARN_CONSTANT_CONVERSION = YES;
				CLANG_WARN_DEPRECATED_OBJC_IMPLEMENTATIONS = YES;
				CLANG_WARN_DIRECT_OBJC_ISA_USAGE = YES_ERROR;
				CLANG_WARN_DOCUMENTATION_COMMENTS = YES;
				CLANG_WARN_EMPTY_BODY = YES;
				CLANG_WARN_ENUM_CONVERSION = YES;
				CLANG_WARN_INFINITE_RECURSION = YES;
				CLANG_WARN_INT_CONVERSION = YES;
				CLANG_WARN_NON_LITERAL_NULL_CONVERSION = YES;
				CLANG_WARN_OBJC_IMPLICIT_RETAIN_SELF = YES;
				CLANG_WARN_OBJC_LITERAL_CONVERSION = YES;
				CLANG_WARN_OBJC_ROOT_CLASS = YES_ERROR;
				CLANG_WARN_RANGE_LOOP_ANALYSIS = YES;
				CLANG_WARN_STRICT_PROTOTYPES = YES;
				CLANG_WARN_SUSPICIOUS_MOVE = YES;
				CLANG_WARN_UNGUARDED_AVAILABILITY = YES_AGGRESSIVE;
				CLANG_WARN_UNREACHABLE_CODE = YES;
				CLANG_WARN__DUPLICATE_METHOD_MATCH = YES;
				COPY_PHASE_STRIP = NO;
				CURRENT_PROJECT_VERSION = 1;
				DEBUG_INFORMATION_FORMAT = "dwarf-with-dsym";
				ENABLE_NS_ASSERTIONS = NO;
				ENABLE_STRICT_OBJC_MSGSEND = YES;
				GCC_C_LANGUAGE_STANDARD = gnu11;
				GCC_NO_COMMON_BLOCKS = YES;
				GCC_WARN_64_TO_32_BIT_CONVERSION = YES;
				GCC_WARN_ABOUT_RETURN_TYPE = YES_ERROR;
				GCC_WARN_UNDECLARED_SELECTOR = YES;
				GCC_WARN_UNINITIALIZED_AUTOS = YES_AGGRESSIVE;
				GCC_WARN_UNUSED_FUNCTION = YES;
				GCC_WARN_UNUSED_VARIABLE = YES;
				IPHONEOS_DEPLOYMENT_TARGET = 13.0;
				MTL_ENABLE_DEBUG_INFO = NO;
				MTL_FAST_MATH = YES;
				SDKROOT = iphoneos;
				SWIFT_COMPILATION_MODE = wholemodule;
				SWIFT_OPTIMIZATION_LEVEL = "-O";
				VALIDATE_PRODUCT = YES;
				VERSIONING_SYSTEM = "apple-generic";
				VERSION_INFO_PREFIX = "";
			};
			name = Release;
		};
		2BAFC1BC230D99C3000CB1A9 /* Debug */ = {
			isa = XCBuildConfiguration;
			buildSettings = {
				CLANG_ENABLE_MODULES = YES;
				CODE_SIGN_STYLE = Manual;
				DEFINES_MODULE = YES;
				DEVELOPMENT_TEAM = "";
				DYLIB_COMPATIBILITY_VERSION = 1;
				DYLIB_CURRENT_VERSION = 1;
				DYLIB_INSTALL_NAME_BASE = "@rpath";
				INFOPLIST_FILE = "$(SRCROOT)/Sources/Supporting files/Info.plist";
				INSTALL_PATH = "$(LOCAL_LIBRARY_DIR)/Frameworks";
				LD_RUNPATH_SEARCH_PATHS = (
					"$(inherited)",
					"@executable_path/Frameworks",
					"@loader_path/Frameworks",
				);
				MARKETING_VERSION = 0.1;
				PRODUCT_BUNDLE_IDENTIFIER = com.alfresco.mobile.AlfrescoCore;
				PRODUCT_NAME = "$(TARGET_NAME:c99extidentifier)";
				PROVISIONING_PROFILE_SPECIFIER = "";
				"PROVISIONING_PROFILE_SPECIFIER[sdk=macosx*]" = "";
				SKIP_INSTALL = YES;
				SWIFT_OPTIMIZATION_LEVEL = "-Onone";
				SWIFT_VERSION = 5.0;
				TARGETED_DEVICE_FAMILY = "1,2";
			};
			name = Debug;
		};
		2BAFC1BD230D99C3000CB1A9 /* Release */ = {
			isa = XCBuildConfiguration;
			buildSettings = {
				CLANG_ENABLE_MODULES = YES;
				CODE_SIGN_STYLE = Manual;
				DEFINES_MODULE = YES;
				DEVELOPMENT_TEAM = "";
				DYLIB_COMPATIBILITY_VERSION = 1;
				DYLIB_CURRENT_VERSION = 1;
				DYLIB_INSTALL_NAME_BASE = "@rpath";
				INFOPLIST_FILE = "$(SRCROOT)/Sources/Supporting files/Info.plist";
				INSTALL_PATH = "$(LOCAL_LIBRARY_DIR)/Frameworks";
				LD_RUNPATH_SEARCH_PATHS = (
					"$(inherited)",
					"@executable_path/Frameworks",
					"@loader_path/Frameworks",
				);
				MARKETING_VERSION = 0.1;
				PRODUCT_BUNDLE_IDENTIFIER = com.alfresco.mobile.AlfrescoCore;
				PRODUCT_NAME = "$(TARGET_NAME:c99extidentifier)";
				PROVISIONING_PROFILE_SPECIFIER = "";
				"PROVISIONING_PROFILE_SPECIFIER[sdk=macosx*]" = "";
				SKIP_INSTALL = YES;
				SWIFT_VERSION = 5.0;
				TARGETED_DEVICE_FAMILY = "1,2";
			};
			name = Release;
		};
		2BAFC1BF230D99C3000CB1A9 /* Debug */ = {
			isa = XCBuildConfiguration;
			buildSettings = {
				ALWAYS_EMBED_SWIFT_STANDARD_LIBRARIES = YES;
				CODE_SIGN_IDENTITY = "iPhone Developer";
				"CODE_SIGN_IDENTITY[sdk=macosx*]" = "-";
				CODE_SIGN_STYLE = Manual;
				DEVELOPMENT_TEAM = "";
				INFOPLIST_FILE = AlfrescoCoreTests/Info.plist;
				LD_RUNPATH_SEARCH_PATHS = (
					"$(inherited)",
					"@executable_path/Frameworks",
					"@loader_path/Frameworks",
				);
				PRODUCT_BUNDLE_IDENTIFIER = com.alfresco.mobile.AlfrescoCoreTests;
				PRODUCT_NAME = "$(TARGET_NAME)";
				PROVISIONING_PROFILE_SPECIFIER = "";
				"PROVISIONING_PROFILE_SPECIFIER[sdk=macosx*]" = "";
				SWIFT_VERSION = 5.0;
				TARGETED_DEVICE_FAMILY = "1,2";
			};
			name = Debug;
		};
		2BAFC1C0230D99C3000CB1A9 /* Release */ = {
			isa = XCBuildConfiguration;
			buildSettings = {
				ALWAYS_EMBED_SWIFT_STANDARD_LIBRARIES = YES;
				CODE_SIGN_IDENTITY = "iPhone Developer";
				"CODE_SIGN_IDENTITY[sdk=macosx*]" = "-";
				CODE_SIGN_STYLE = Manual;
				DEVELOPMENT_TEAM = "";
				INFOPLIST_FILE = AlfrescoCoreTests/Info.plist;
				LD_RUNPATH_SEARCH_PATHS = (
					"$(inherited)",
					"@executable_path/Frameworks",
					"@loader_path/Frameworks",
				);
				PRODUCT_BUNDLE_IDENTIFIER = com.alfresco.mobile.AlfrescoCoreTests;
				PRODUCT_NAME = "$(TARGET_NAME)";
				PROVISIONING_PROFILE_SPECIFIER = "";
				"PROVISIONING_PROFILE_SPECIFIER[sdk=macosx*]" = "";
				SWIFT_VERSION = 5.0;
				TARGETED_DEVICE_FAMILY = "1,2";
			};
			name = Release;
		};
		B948BA01233A5F5E00018F54 /* Debug */ = {
			isa = XCBuildConfiguration;
			buildSettings = {
				CODE_SIGN_STYLE = Automatic;
				PRODUCT_NAME = "$(TARGET_NAME)";
			};
			name = Debug;
		};
		B948BA02233A5F5E00018F54 /* Release */ = {
			isa = XCBuildConfiguration;
			buildSettings = {
				CODE_SIGN_STYLE = Automatic;
				PRODUCT_NAME = "$(TARGET_NAME)";
			};
			name = Release;
		};
/* End XCBuildConfiguration section */

/* Begin XCConfigurationList section */
		2BAFC1A1230D99C2000CB1A9 /* Build configuration list for PBXProject "AlfrescoCore" */ = {
			isa = XCConfigurationList;
			buildConfigurations = (
				2BAFC1B9230D99C3000CB1A9 /* Debug */,
				2BAFC1BA230D99C3000CB1A9 /* Release */,
			);
			defaultConfigurationIsVisible = 0;
			defaultConfigurationName = Release;
		};
		2BAFC1BB230D99C3000CB1A9 /* Build configuration list for PBXNativeTarget "AlfrescoCore" */ = {
			isa = XCConfigurationList;
			buildConfigurations = (
				2BAFC1BC230D99C3000CB1A9 /* Debug */,
				2BAFC1BD230D99C3000CB1A9 /* Release */,
			);
			defaultConfigurationIsVisible = 0;
			defaultConfigurationName = Release;
		};
		2BAFC1BE230D99C3000CB1A9 /* Build configuration list for PBXNativeTarget "AlfrescoCoreTests" */ = {
			isa = XCConfigurationList;
			buildConfigurations = (
				2BAFC1BF230D99C3000CB1A9 /* Debug */,
				2BAFC1C0230D99C3000CB1A9 /* Release */,
			);
			defaultConfigurationIsVisible = 0;
			defaultConfigurationName = Release;
		};
		B948BA03233A5F5E00018F54 /* Build configuration list for PBXAggregateTarget "Package iOS" */ = {
			isa = XCConfigurationList;
			buildConfigurations = (
				B948BA01233A5F5E00018F54 /* Debug */,
				B948BA02233A5F5E00018F54 /* Release */,
			);
			defaultConfigurationIsVisible = 0;
			defaultConfigurationName = Release;
		};
/* End XCConfigurationList section */
	};
	rootObject = 2BAFC19E230D99C2000CB1A9 /* Project object */;
}
