<?xml version="1.0" encoding="UTF-8"?>
<Scheme
   LastUpgradeVersion = "1100"
   version = "1.7">
   <BuildAction
      parallelizeBuildables = "YES"
      buildImplicitDependencies = "YES">
      <BuildActionEntries>
         <BuildActionEntry
            buildForTesting = "YES"
            buildForRunning = "YES"
            buildForProfiling = "YES"
            buildForArchiving = "YES"
            buildForAnalyzing = "YES">
            <BuildableReference
               BuildableIdentifier = "primary"
               BlueprintIdentifier = "2BAFC1A6230D99C2000CB1A9"
               BuildableName = "AlfrescoCore.framework"
               BlueprintName = "AlfrescoCore"
               ReferencedContainer = "container:AlfrescoCore.xcodeproj">
            </BuildableReference>
         </BuildActionEntry>
      </BuildActionEntries>
   </BuildAction>
   <TestAction
      buildConfiguration = "Debug"
      selectedDebuggerIdentifier = "Xcode.DebuggerFoundation.Debugger.LLDB"
      selectedLauncherIdentifier = "Xcode.DebuggerFoundation.Launcher.LLDB"
      shouldUseLaunchSchemeArgsEnv = "YES">
      <TestPlans>
         <TestPlanReference
            reference = "container:AlfrescoCoreTests/AlfrescoCore.xctestplan"
            default = "YES">
         </TestPlanReference>
      </TestPlans>
      <Testables>
         <TestableReference
            skipped = "NO">
            <BuildableReference
               BuildableIdentifier = "primary"
               BlueprintIdentifier = "2BAFC1AF230D99C3000CB1A9"
               BuildableName = "AlfrescoCoreTests.xctest"
               BlueprintName = "AlfrescoCoreTests"
               ReferencedContainer = "container:AlfrescoCore.xcodeproj">
            </BuildableReference>
         </TestableReference>
      </Testables>
   </TestAction>
   <LaunchAction
      buildConfiguration = "Debug"
      selectedDebuggerIdentifier = "Xcode.DebuggerFoundation.Debugger.LLDB"
      selectedLauncherIdentifier = "Xcode.DebuggerFoundation.Launcher.LLDB"
      launchStyle = "0"
      useCustomWorkingDirectory = "NO"
      ignoresPersistentStateOnLaunch = "NO"
      debugDocumentVersioning = "YES"
      debugServiceExtension = "internal"
      allowLocationSimulation = "YES">
   </LaunchAction>
   <ProfileAction
      buildConfiguration = "Release"
      shouldUseLaunchSchemeArgsEnv = "YES"
      savedToolIdentifier = ""
      useCustomWorkingDirectory = "NO"
      debugDocumentVersioning = "YES">
      <MacroExpansion>
         <BuildableReference
            BuildableIdentifier = "primary"
            BlueprintIdentifier = "2BAFC1A6230D99C2000CB1A9"
            BuildableName = "AlfrescoCore.framework"
            BlueprintName = "AlfrescoCore"
            ReferencedContainer = "container:AlfrescoCore.xcodeproj">
         </BuildableReference>
      </MacroExpansion>
   </ProfileAction>
   <AnalyzeAction
      buildConfiguration = "Debug">
   </AnalyzeAction>
   <ArchiveAction
      buildConfiguration = "Release"
      revealArchiveInOrganizer = "YES">
      <PostActions>
         <ExecutionAction
            ActionType = "Xcode.IDEStandardExecutionActionsCore.ExecutionActionType.ShellScriptAction">
            <ActionContent
               title = "Run Script"
               scriptText = "CURRENTPATH=`pwd`&#10;&#10;xcodebuild -project ${PROJECT_NAME}.xcodeproj -configuration &#10;  ${CONFIGURATION} - &#10;  sdk iphoneos clean build ARCHS=&apos;armv7 armv7s&apos; &#10;  IPHONEOS_DEPLOYMENT_TARGET=&apos;5.0&apos; &#10;  TARGET_BUILD_DIR=&apos;./build-arm&apos; BUILT_PRODUCTS_DIR=&apos;./build-arm&apos;&#10;&#10; xcodebuild -project ${PROJECT_NAME}.xcodeproj -configuration ${CONFIGURATION} &#10;  -sdk iphoneos clean build ARCHS=&apos;arm64&apos; IPHONEOS_DEPLOYMENT_TARGET=&apos;7.0&apos; &#10;   TARGET_BUILD_DIR=&apos;./build-arm64&apos; BUILT_PRODUCTS_DIR=&apos;./build-arm64&apos;&#10;&#10;xcodebuild -project ${PROJECT_NAME}.xcodeproj -configuration ${CONFIGURATION} - &#10;  sdk iphonesimulator clean build ARCHS=&apos;i386&apos; IPHONEOS_DEPLOYMENT_TARGET=&apos;5.0&apos; &#10;  TARGET_BUILD_DIR=&apos;./build-i386&apos; BUILT_PRODUCTS_DIR=&apos;./build-i386&apos;&#10;&#10;xcodebuild -project ${PROJECT_NAME}.xcodeproj -configuration ${CONFIGURATION} - &#10;  sdk iphonesimulator clean build ARCHS=&apos;x86_64&apos; VALID_ARCHS=&apos;x86_64&apos; &#10;  IPHONEOS_DEPLOYMENT_TARGET=&apos;7.0&apos; TARGET_BUILD_DIR=&apos;./build-x86_64&apos; &#10;  BUILT_PRODUCTS_DIR=&apos;./build-x86_64&apos;&#10;&#10;cp -r &quot;${CURRENTPATH}/build-arm64/include&quot; &quot;${CURRENTPATH}/build-universal&quot;&#10;&#10;lipo -create ./build-arm/lib${PROJECT_NAME}.a ./build- &#10;  arm64/lib${PROJECT_NAME}.a ./build-i386/lib${PROJECT_NAME}.a ./build- &#10;   x86_64/lib${PROJECT_NAME}.a -output ./build-universal/lib${PROJECT_NAME}.a&#10;">
               <EnvironmentBuildable>
                  <BuildableReference
                     BuildableIdentifier = "primary"
                     BlueprintIdentifier = "2BAFC1A6230D99C2000CB1A9"
                     BuildableName = "AlfrescoCore.framework"
                     BlueprintName = "AlfrescoCore"
                     ReferencedContainer = "container:AlfrescoCore.xcodeproj">
                  </BuildableReference>
               </EnvironmentBuildable>
            </ActionContent>
         </ExecutionAction>
      </PostActions>
   </ArchiveAction>
</Scheme>
